
Microsoft Visual Studio Solution File, Format Version 12.00
# Visual Studio 14
VisualStudioVersion = 14.0.25420.1
MinimumVisualStudioVersion = 10.0.40219.1
Project("{FAE04EC0-301F-11D3-BF4B-00C04F79EFBC}") = "FantaC", "FantaC\FantaC.csproj", "{BF808D8A-38C0-4B29-9091-8EE5F11EA266}"
EndProject
Project("{FAE04EC0-301F-11D3-BF4B-00C04F79EFBC}") = "FantaC.Tests", "FantaC.Tests\FantaC.Tests.csproj", "{4238A4F7-D760-44C8-8B64-D701BA722EC0}"
EndProject
Global
	GlobalSection(SolutionConfigurationPlatforms) = preSolution
		Debug|Any CPU = Debug|Any CPU
		Release|Any CPU = Release|Any CPU
	EndGlobalSection
	GlobalSection(ProjectConfigurationPlatforms) = postSolution
		{BF808D8A-38C0-4B29-9091-8EE5F11EA266}.Debug|Any CPU.ActiveCfg = Debug|Any CPU
		{BF808D8A-38C0-4B29-9091-8EE5F11EA266}.Debug|Any CPU.Build.0 = Debug|Any CPU
		{BF808D8A-38C0-4B29-9091-8EE5F11EA266}.Release|Any CPU.ActiveCfg = Release|Any CPU
		{BF808D8A-38C0-4B29-9091-8EE5F11EA266}.Release|Any CPU.Build.0 = Release|Any CPU
		{4238A4F7-D760-44C8-8B64-D701BA722EC0}.Debug|Any CPU.ActiveCfg = Debug|Any CPU
		{4238A4F7-D760-44C8-8B64-D701BA722EC0}.Debug|Any CPU.Build.0 = Debug|Any CPU
		{4238A4F7-D760-44C8-8B64-D701BA722EC0}.Release|Any CPU.ActiveCfg = Release|Any CPU
		{4238A4F7-D760-44C8-8B64-D701BA722EC0}.Release|Any CPU.Build.0 = Release|Any CPU
	EndGlobalSection
	GlobalSection(SolutionProperties) = preSolution
		HideSolutionNode = FALSE
	EndGlobalSection
EndGlobal
